
Microsoft Visual Studio Solution File, Format Version 12.00
# Visual Studio Version 16
VisualStudioVersion = 16.0.31025.194
MinimumVisualStudioVersion = 10.0.40219.1
Project("{FAE04EC0-301F-11D3-BF4B-00C04F79EFBC}") = "LineComUC4", "LineComUC4\LineComUC4.csproj", "{8299CF34-0882-4C3E-9D8A-51AEB1FC5F96}"
EndProject
Global
	GlobalSection(SolutionConfigurationPlatforms) = preSolution
		Debug|Any CPU = Debug|Any CPU
		Release|Any CPU = Release|Any CPU
	EndGlobalSection
	GlobalSection(ProjectConfigurationPlatforms) = postSolution
		{8299CF34-0882-4C3E-9D8A-51AEB1FC5F96}.Debug|Any CPU.ActiveCfg = Debug|Any CPU
		{8299CF34-0882-4C3E-9D8A-51AEB1FC5F96}.Debug|Any CPU.Build.0 = Debug|Any CPU
		{8299CF34-0882-4C3E-9D8A-51AEB1FC5F96}.Release|Any CPU.ActiveCfg = Release|Any CPU
		{8299CF34-0882-4C3E-9D8A-51AEB1FC5F96}.Release|Any CPU.Build.0 = Release|Any CPU
	EndGlobalSection
	GlobalSection(SolutionProperties) = preSolution
		HideSolutionNode = FALSE
	EndGlobalSection
	GlobalSection(ExtensibilityGlobals) = postSolution
		SolutionGuid = {A39D0A82-A29D-4931-88D5-0F656737E438}
	EndGlobalSection
EndGlobal
