
Microsoft Visual Studio Solution File, Format Version 12.00
# Visual Studio Version 16
VisualStudioVersion = 16.0.31025.194
MinimumVisualStudioVersion = 10.0.40219.1
Project("{FAE04EC0-301F-11D3-BF4B-00C04F79EFBC}") = "LineComUC1", "LineComUC1\LineComUC1.csproj", "{7908FF01-A12F-40F4-9101-0901B7D807E7}"
EndProject
Global
	GlobalSection(SolutionConfigurationPlatforms) = preSolution
		Debug|Any CPU = Debug|Any CPU
		Release|Any CPU = Release|Any CPU
	EndGlobalSection
	GlobalSection(ProjectConfigurationPlatforms) = postSolution
		{7908FF01-A12F-40F4-9101-0901B7D807E7}.Debug|Any CPU.ActiveCfg = Debug|Any CPU
		{7908FF01-A12F-40F4-9101-0901B7D807E7}.Debug|Any CPU.Build.0 = Debug|Any CPU
		{7908FF01-A12F-40F4-9101-0901B7D807E7}.Release|Any CPU.ActiveCfg = Release|Any CPU
		{7908FF01-A12F-40F4-9101-0901B7D807E7}.Release|Any CPU.Build.0 = Release|Any CPU
	EndGlobalSection
	GlobalSection(SolutionProperties) = preSolution
		HideSolutionNode = FALSE
	EndGlobalSection
	GlobalSection(ExtensibilityGlobals) = postSolution
		SolutionGuid = {ECF763BD-EF4E-48A7-B6A9-E0999E820020}
	EndGlobalSection
EndGlobal
